
Microsoft Visual Studio Solution File, Format Version 12.00
# Visual Studio 15
VisualStudioVersion = 15.0.28307.329
MinimumVisualStudioVersion = 10.0.40219.1
Project("{F184B08F-C81C-45F6-A57F-5ABD9991F28F}") = "フォームの作成", "フォームの作成\フォームの作成.vbproj", "{1DA4E0B7-51DC-4765-A052-101A06B3C03B}"
EndProject
Global
	GlobalSection(SolutionConfigurationPlatforms) = preSolution
		Debug|Any CPU = Debug|Any CPU
		Release|Any CPU = Release|Any CPU
	EndGlobalSection
	GlobalSection(ProjectConfigurationPlatforms) = postSolution
		{1DA4E0B7-51DC-4765-A052-101A06B3C03B}.Debug|Any CPU.ActiveCfg = Debug|Any CPU
		{1DA4E0B7-51DC-4765-A052-101A06B3C03B}.Debug|Any CPU.Build.0 = Debug|Any CPU
		{1DA4E0B7-51DC-4765-A052-101A06B3C03B}.Release|Any CPU.ActiveCfg = Release|Any CPU
		{1DA4E0B7-51DC-4765-A052-101A06B3C03B}.Release|Any CPU.Build.0 = Release|Any CPU
	EndGlobalSection
	GlobalSection(SolutionProperties) = preSolution
		HideSolutionNode = FALSE
	EndGlobalSection
	GlobalSection(ExtensibilityGlobals) = postSolution
		SolutionGuid = {968A575C-EDA2-4360-AEE8-B6929021A196}
	EndGlobalSection
EndGlobal
