
Microsoft Visual Studio Solution File, Format Version 12.00
# Visual Studio 15
VisualStudioVersion = 15.0.28307.329
MinimumVisualStudioVersion = 10.0.40219.1
Project("{F184B08F-C81C-45F6-A57F-5ABD9991F28F}") = "集計関数", "集計関数\集計関数.vbproj", "{65DFF42D-5546-41E4-AF40-D45BA263F833}"
EndProject
Global
	GlobalSection(SolutionConfigurationPlatforms) = preSolution
		Debug|Any CPU = Debug|Any CPU
		Release|Any CPU = Release|Any CPU
	EndGlobalSection
	GlobalSection(ProjectConfigurationPlatforms) = postSolution
		{65DFF42D-5546-41E4-AF40-D45BA263F833}.Debug|Any CPU.ActiveCfg = Debug|Any CPU
		{65DFF42D-5546-41E4-AF40-D45BA263F833}.Debug|Any CPU.Build.0 = Debug|Any CPU
		{65DFF42D-5546-41E4-AF40-D45BA263F833}.Release|Any CPU.ActiveCfg = Release|Any CPU
		{65DFF42D-5546-41E4-AF40-D45BA263F833}.Release|Any CPU.Build.0 = Release|Any CPU
	EndGlobalSection
	GlobalSection(SolutionProperties) = preSolution
		HideSolutionNode = FALSE
	EndGlobalSection
	GlobalSection(ExtensibilityGlobals) = postSolution
		SolutionGuid = {771FDCF1-544C-428B-A777-0E21BC5B9C8E}
	EndGlobalSection
EndGlobal
