
Microsoft Visual Studio Solution File, Format Version 12.00
# Visual Studio 15
VisualStudioVersion = 15.0.28307.329
MinimumVisualStudioVersion = 10.0.40219.1
Project("{F184B08F-C81C-45F6-A57F-5ABD9991F28F}") = "TestProject5_1", "TestProject5_1\TestProject5_1.vbproj", "{77AF9D19-7E59-4F0A-B7F4-A3CA0A013A17}"
EndProject
Global
	GlobalSection(SolutionConfigurationPlatforms) = preSolution
		Debug|Any CPU = Debug|Any CPU
		Release|Any CPU = Release|Any CPU
	EndGlobalSection
	GlobalSection(ProjectConfigurationPlatforms) = postSolution
		{77AF9D19-7E59-4F0A-B7F4-A3CA0A013A17}.Debug|Any CPU.ActiveCfg = Debug|Any CPU
		{77AF9D19-7E59-4F0A-B7F4-A3CA0A013A17}.Debug|Any CPU.Build.0 = Debug|Any CPU
		{77AF9D19-7E59-4F0A-B7F4-A3CA0A013A17}.Release|Any CPU.ActiveCfg = Release|Any CPU
		{77AF9D19-7E59-4F0A-B7F4-A3CA0A013A17}.Release|Any CPU.Build.0 = Release|Any CPU
	EndGlobalSection
	GlobalSection(SolutionProperties) = preSolution
		HideSolutionNode = FALSE
	EndGlobalSection
	GlobalSection(ExtensibilityGlobals) = postSolution
		SolutionGuid = {57EE13E9-4391-40B3-B9E2-11073FA5B394}
	EndGlobalSection
EndGlobal
