
Microsoft Visual Studio Solution File, Format Version 12.00
# Visual Studio 15
VisualStudioVersion = 15.0.28307.329
MinimumVisualStudioVersion = 10.0.40219.1
Project("{F184B08F-C81C-45F6-A57F-5ABD9991F28F}") = "sample5_4", "sample5_4\sample5_4.vbproj", "{90D95F28-49AC-470E-AF06-A7BB7AFD4CCC}"
EndProject
Global
	GlobalSection(SolutionConfigurationPlatforms) = preSolution
		Debug|Any CPU = Debug|Any CPU
		Release|Any CPU = Release|Any CPU
	EndGlobalSection
	GlobalSection(ProjectConfigurationPlatforms) = postSolution
		{90D95F28-49AC-470E-AF06-A7BB7AFD4CCC}.Debug|Any CPU.ActiveCfg = Debug|Any CPU
		{90D95F28-49AC-470E-AF06-A7BB7AFD4CCC}.Debug|Any CPU.Build.0 = Debug|Any CPU
		{90D95F28-49AC-470E-AF06-A7BB7AFD4CCC}.Release|Any CPU.ActiveCfg = Release|Any CPU
		{90D95F28-49AC-470E-AF06-A7BB7AFD4CCC}.Release|Any CPU.Build.0 = Release|Any CPU
	EndGlobalSection
	GlobalSection(SolutionProperties) = preSolution
		HideSolutionNode = FALSE
	EndGlobalSection
	GlobalSection(ExtensibilityGlobals) = postSolution
		SolutionGuid = {B3C32F8D-C2F3-4DB9-A840-62761E84282C}
	EndGlobalSection
EndGlobal
